
Microsoft Visual Studio Solution File, Format Version 12.00
# Visual Studio 15
VisualStudioVersion = 15.0.26124.0
MinimumVisualStudioVersion = 15.0.26124.0
Project("{FAE04EC0-301F-11D3-BF4B-00C04F79EFBC}") = "Test", "Test\Test.csproj", "{48C5CB37-A692-4643-B5A2-790900282EF6}"
EndProject
Project("{FAE04EC0-301F-11D3-BF4B-00C04F79EFBC}") = "Lib", "Lib\Lib.csproj", "{ADAE381A-30DA-4778-992D-4CBAAD4B6C36}"
EndProject
Project("{FAE04EC0-301F-11D3-BF4B-00C04F79EFBC}") = "Web", "Web\Web.csproj", "{935E7B31-8808-4E89-A29D-60AF8AEED099}"
EndProject
Global
	GlobalSection(SolutionConfigurationPlatforms) = preSolution
		Debug|Any CPU = Debug|Any CPU
		Debug|x64 = Debug|x64
		Debug|x86 = Debug|x86
		Release|Any CPU = Release|Any CPU
		Release|x64 = Release|x64
		Release|x86 = Release|x86
	EndGlobalSection
	GlobalSection(SolutionProperties) = preSolution
		HideSolutionNode = FALSE
	EndGlobalSection
	GlobalSection(ProjectConfigurationPlatforms) = postSolution
		{48C5CB37-A692-4643-B5A2-790900282EF6}.Debug|Any CPU.ActiveCfg = Debug|Any CPU
		{48C5CB37-A692-4643-B5A2-790900282EF6}.Debug|Any CPU.Build.0 = Debug|Any CPU
		{48C5CB37-A692-4643-B5A2-790900282EF6}.Debug|x64.ActiveCfg = Debug|Any CPU
		{48C5CB37-A692-4643-B5A2-790900282EF6}.Debug|x64.Build.0 = Debug|Any CPU
		{48C5CB37-A692-4643-B5A2-790900282EF6}.Debug|x86.ActiveCfg = Debug|Any CPU
		{48C5CB37-A692-4643-B5A2-790900282EF6}.Debug|x86.Build.0 = Debug|Any CPU
		{48C5CB37-A692-4643-B5A2-790900282EF6}.Release|Any CPU.ActiveCfg = Release|Any CPU
		{48C5CB37-A692-4643-B5A2-790900282EF6}.Release|Any CPU.Build.0 = Release|Any CPU
		{48C5CB37-A692-4643-B5A2-790900282EF6}.Release|x64.ActiveCfg = Release|Any CPU
		{48C5CB37-A692-4643-B5A2-790900282EF6}.Release|x64.Build.0 = Release|Any CPU
		{48C5CB37-A692-4643-B5A2-790900282EF6}.Release|x86.ActiveCfg = Release|Any CPU
		{48C5CB37-A692-4643-B5A2-790900282EF6}.Release|x86.Build.0 = Release|Any CPU
		{ADAE381A-30DA-4778-992D-4CBAAD4B6C36}.Debug|Any CPU.ActiveCfg = Debug|Any CPU
		{ADAE381A-30DA-4778-992D-4CBAAD4B6C36}.Debug|Any CPU.Build.0 = Debug|Any CPU
		{ADAE381A-30DA-4778-992D-4CBAAD4B6C36}.Debug|x64.ActiveCfg = Debug|Any CPU
		{ADAE381A-30DA-4778-992D-4CBAAD4B6C36}.Debug|x64.Build.0 = Debug|Any CPU
		{ADAE381A-30DA-4778-992D-4CBAAD4B6C36}.Debug|x86.ActiveCfg = Debug|Any CPU
		{ADAE381A-30DA-4778-992D-4CBAAD4B6C36}.Debug|x86.Build.0 = Debug|Any CPU
		{ADAE381A-30DA-4778-992D-4CBAAD4B6C36}.Release|Any CPU.ActiveCfg = Release|Any CPU
		{ADAE381A-30DA-4778-992D-4CBAAD4B6C36}.Release|Any CPU.Build.0 = Release|Any CPU
		{ADAE381A-30DA-4778-992D-4CBAAD4B6C36}.Release|x64.ActiveCfg = Release|Any CPU
		{ADAE381A-30DA-4778-992D-4CBAAD4B6C36}.Release|x64.Build.0 = Release|Any CPU
		{ADAE381A-30DA-4778-992D-4CBAAD4B6C36}.Release|x86.ActiveCfg = Release|Any CPU
		{ADAE381A-30DA-4778-992D-4CBAAD4B6C36}.Release|x86.Build.0 = Release|Any CPU
		{935E7B31-8808-4E89-A29D-60AF8AEED099}.Debug|Any CPU.ActiveCfg = Debug|Any CPU
		{935E7B31-8808-4E89-A29D-60AF8AEED099}.Debug|Any CPU.Build.0 = Debug|Any CPU
		{935E7B31-8808-4E89-A29D-60AF8AEED099}.Debug|x64.ActiveCfg = Debug|Any CPU
		{935E7B31-8808-4E89-A29D-60AF8AEED099}.Debug|x64.Build.0 = Debug|Any CPU
		{935E7B31-8808-4E89-A29D-60AF8AEED099}.Debug|x86.ActiveCfg = Debug|Any CPU
		{935E7B31-8808-4E89-A29D-60AF8AEED099}.Debug|x86.Build.0 = Debug|Any CPU
		{935E7B31-8808-4E89-A29D-60AF8AEED099}.Release|Any CPU.ActiveCfg = Release|Any CPU
		{935E7B31-8808-4E89-A29D-60AF8AEED099}.Release|Any CPU.Build.0 = Release|Any CPU
		{935E7B31-8808-4E89-A29D-60AF8AEED099}.Release|x64.ActiveCfg = Release|Any CPU
		{935E7B31-8808-4E89-A29D-60AF8AEED099}.Release|x64.Build.0 = Release|Any CPU
		{935E7B31-8808-4E89-A29D-60AF8AEED099}.Release|x86.ActiveCfg = Release|Any CPU
		{935E7B31-8808-4E89-A29D-60AF8AEED099}.Release|x86.Build.0 = Release|Any CPU
	EndGlobalSection
EndGlobal
